
Microsoft Visual Studio Solution File, Format Version 12.00
# Visual Studio 15
VisualStudioVersion = 15.0.27703.2000
MinimumVisualStudioVersion = 10.0.40219.1
Project("{FAE04EC0-301F-11D3-BF4B-00C04F79EFBC}") = "QuickStartIdentityServer", "QuickStartIdentityServer\QuickStartIdentityServer.csproj", "{074DFF7E-727B-4107-886D-131B322E0ED1}"
EndProject
Project("{FAE04EC0-301F-11D3-BF4B-00C04F79EFBC}") = "QuickStartApi", "QuickStartApi\QuickStartApi.csproj", "{60F12B02-64BD-4AA1-8D64-C96089F43E05}"
EndProject
Global
	GlobalSection(SolutionConfigurationPlatforms) = preSolution
		Debug|Any CPU = Debug|Any CPU
		Release|Any CPU = Release|Any CPU
	EndGlobalSection
	GlobalSection(ProjectConfigurationPlatforms) = postSolution
		{074DFF7E-727B-4107-886D-131B322E0ED1}.Debug|Any CPU.ActiveCfg = Debug|Any CPU
		{074DFF7E-727B-4107-886D-131B322E0ED1}.Debug|Any CPU.Build.0 = Debug|Any CPU
		{074DFF7E-727B-4107-886D-131B322E0ED1}.Release|Any CPU.ActiveCfg = Release|Any CPU
		{074DFF7E-727B-4107-886D-131B322E0ED1}.Release|Any CPU.Build.0 = Release|Any CPU
		{60F12B02-64BD-4AA1-8D64-C96089F43E05}.Debug|Any CPU.ActiveCfg = Debug|Any CPU
		{60F12B02-64BD-4AA1-8D64-C96089F43E05}.Debug|Any CPU.Build.0 = Debug|Any CPU
		{60F12B02-64BD-4AA1-8D64-C96089F43E05}.Release|Any CPU.ActiveCfg = Release|Any CPU
		{60F12B02-64BD-4AA1-8D64-C96089F43E05}.Release|Any CPU.Build.0 = Release|Any CPU
	EndGlobalSection
	GlobalSection(SolutionProperties) = preSolution
		HideSolutionNode = FALSE
	EndGlobalSection
	GlobalSection(ExtensibilityGlobals) = postSolution
		SolutionGuid = {B67E1FDC-1BBF-452B-A8E5-1804BA8489E2}
	EndGlobalSection
EndGlobal
